{
  "name": "chromium-sidecar",
  "version": "0.4.0",
  "lockfileVersion": 3,
  "requires": true,
  "packages": {
    "": {
      "name": "chromium-sidecar",
      "version": "0.4.0",
      "license": "MIT",
      "bin": {
        "chromium-sidecar": "native-host/src/cli.mjs"
      },
      "engines": {
        "node": ">=20"
      }
    }
  }
}
