{
  "name": "chromium-bridge",
  "version": "0.6.4",
  "lockfileVersion": 3,
  "requires": true,
  "packages": {
    "": {
      "name": "chromium-bridge",
      "version": "0.6.4",
      "license": "MIT",
      "bin": {
        "chromium-bridge": "native-host/src/cli.mjs"
      },
      "engines": {
        "node": ">=20"
      }
    }
  }
}
